
Microsoft Visual Studio Solution File, Format Version 12.00
# Visual Studio Version 16
VisualStudioVersion = 16.0.31605.320
MinimumVisualStudioVersion = 10.0.40219.1
Project("{FAE04EC0-301F-11D3-BF4B-00C04F79EFBC}") = "MealApp", "MealApp.csproj", "{62BDC9B3-C398-4A80-B1E6-44A872920CE4}"
EndProject
Global
	GlobalSection(SolutionConfigurationPlatforms) = preSolution
		Debug|Any CPU = Debug|Any CPU
		Release|Any CPU = Release|Any CPU
	EndGlobalSection
	GlobalSection(ProjectConfigurationPlatforms) = postSolution
		{62BDC9B3-C398-4A80-B1E6-44A872920CE4}.Debug|Any CPU.ActiveCfg = Debug|Any CPU
		{62BDC9B3-C398-4A80-B1E6-44A872920CE4}.Debug|Any CPU.Build.0 = Debug|Any CPU
		{62BDC9B3-C398-4A80-B1E6-44A872920CE4}.Release|Any CPU.ActiveCfg = Release|Any CPU
		{62BDC9B3-C398-4A80-B1E6-44A872920CE4}.Release|Any CPU.Build.0 = Release|Any CPU
	EndGlobalSection
	GlobalSection(SolutionProperties) = preSolution
		HideSolutionNode = FALSE
	EndGlobalSection
	GlobalSection(ExtensibilityGlobals) = postSolution
		SolutionGuid = {040E38D8-71E9-435D-A8CF-9D009114DB32}
	EndGlobalSection
EndGlobal
